{
  "name": "fullstack-step-by-step",
  "lockfileVersion": 3,
  "requires": true,
  "packages": {
    "": {
      "name": "fullstack-step-by-step",
      "workspaces": [
        "apps/*"
      ],
      "devDependencies": {
        "prettier": "^3.6.2"
      }
    },
    "apps/api": {},
    "apps/ui": {},
    "node_modules/api": {
      "resolved": "apps/api",
      "link": true
    },
    "node_modules/prettier": {
      "version": "3.6.2",
      "resolved": "https://registry.npmjs.org/prettier/-/prettier-3.6.2.tgz",
      "integrity": "sha512-I7AIg5boAr5R0FFtJ6rCfD+LFsWHp81dolrFD8S79U9tb8Az2nGrJncnMSnys+bpQJfRUzqs9hnA81OAA3hCuQ==",
      "dev": true,
      "license": "MIT",
      "bin": {
        "prettier": "bin/prettier.cjs"
      },
      "engines": {
        "node": ">=14"
      },
      "funding": {
        "url": "https://github.com/prettier/prettier?sponsor=1"
      }
    },
    "node_modules/ui": {
      "resolved": "apps/ui",
      "link": true
    }
  }
}
