{
    "name": "fullstack-step-by-step",
    "lockfileVersion": 3,
    "requires": true,
    "packages": {
        "": {
            "name": "fullstack-step-by-step",
            "workspaces": [
                "apps/api",
                "apps/ui"
            ]
        },
        "apps/api": {
            "version": "1.0.0",
            "license": "ISC"
        },
        "apps/ui": {
            "version": "1.0.0",
            "license": "ISC",
            "devDependencies": {}
        },
        "node_modules/api": {
            "resolved": "apps/api",
            "link": true
        },
        "node_modules/ui": {
            "resolved": "apps/ui",
            "link": true
        }
    }
}
